{
  "name": "reddit-timer-base",
  "version": "0.1.0",
  "lockfileVersion": 1,
  "requires": true,
  "dependencies": {
    "@csstools/normalize.css": {
      "version": "11.0.1",
      "resolved": "https://registry.npmjs.org/@csstools/normalize.css/-/normalize.css-11.0.1.tgz",
      "integrity": "sha512-kUlWZHQkll+lOlYdj7dg8XwziO9WALkfG2dAXLITZMB8gO99CXQBH5W/HleXC3YwWFWXVxe1UClMk/2qsB9oAw=="
    }
  }
}
